
Microsoft Visual Studio Solution File, Format Version 12.00
# Visual Studio Version 17
VisualStudioVersion = 17.12.35514.174 d17.12
MinimumVisualStudioVersion = 10.0.40219.1
Project("{FAE04EC0-301F-11D3-BF4B-00C04F79EFBC}") = "Atomica", "Atomica.csproj", "{EBB73C45-5903-4F3F-90C0-1C6ADCF4EB62}"
EndProject
Global
	GlobalSection(SolutionConfigurationPlatforms) = preSolution
		Debug|Any CPU = Debug|Any CPU
		Release|Any CPU = Release|Any CPU
	EndGlobalSection
	GlobalSection(ProjectConfigurationPlatforms) = postSolution
		{EBB73C45-5903-4F3F-90C0-1C6ADCF4EB62}.Debug|Any CPU.ActiveCfg = Debug|Any CPU
		{EBB73C45-5903-4F3F-90C0-1C6ADCF4EB62}.Debug|Any CPU.Build.0 = Debug|Any CPU
		{EBB73C45-5903-4F3F-90C0-1C6ADCF4EB62}.Release|Any CPU.ActiveCfg = Release|Any CPU
		{EBB73C45-5903-4F3F-90C0-1C6ADCF4EB62}.Release|Any CPU.Build.0 = Release|Any CPU
	EndGlobalSection
	GlobalSection(SolutionProperties) = preSolution
		HideSolutionNode = FALSE
	EndGlobalSection
EndGlobal
